
Microsoft Visual Studio Solution File, Format Version 12.00
# Visual Studio Version 17
VisualStudioVersion = 17.9.34728.123
MinimumVisualStudioVersion = 10.0.40219.1
Project("{FAE04EC0-301F-11D3-BF4B-00C04F79EFBC}") = "Serene_Movies_Task.Web", "Serene_Movies_Task\Serene_Movies_Task.Web\Serene_Movies_Task.Web.csproj", "{F8B78BCB-4747-4F10-81C7-D130AA6D5412}"
EndProject
Global
	GlobalSection(SolutionConfigurationPlatforms) = preSolution
		Debug|Any CPU = Debug|Any CPU
		Release|Any CPU = Release|Any CPU
	EndGlobalSection
	GlobalSection(ProjectConfigurationPlatforms) = postSolution
		{F8B78BCB-4747-4F10-81C7-D130AA6D5412}.Debug|Any CPU.ActiveCfg = Debug|Any CPU
		{F8B78BCB-4747-4F10-81C7-D130AA6D5412}.Debug|Any CPU.Build.0 = Debug|Any CPU
		{F8B78BCB-4747-4F10-81C7-D130AA6D5412}.Release|Any CPU.ActiveCfg = Release|Any CPU
		{F8B78BCB-4747-4F10-81C7-D130AA6D5412}.Release|Any CPU.Build.0 = Release|Any CPU
	EndGlobalSection
	GlobalSection(SolutionProperties) = preSolution
		HideSolutionNode = FALSE
	EndGlobalSection
	GlobalSection(ExtensibilityGlobals) = postSolution
		SolutionGuid = {AAA3A39C-A650-4B96-A282-CB874BFA3122}
	EndGlobalSection
EndGlobal
